// !$*UTF8*$!
{
	archiveVersion = 1;
	classes = {
	};
	objectVersion = 55;
	objects = {

/* Begin PBXBuildFile section */
		BC5FC4972817347E001F1D71 /* AppDelegate.swift in Sources */ = {isa = PBXBuildFile; fileRef = BC5FC4962817347E001F1D71 /* AppDelegate.swift */; };
		BC5FC4992817347E001F1D71 /* SceneDelegate.swift in Sources */ = {isa = PBXBuildFile; fileRef = BC5FC4982817347E001F1D71 /* SceneDelegate.swift */; };
		BC5FC49B2817347E001F1D71 /* DetailsViewController.swift in Sources */ = {isa = PBXBuildFile; fileRef = BC5FC49A2817347E001F1D71 /* DetailsViewController.swift */; };
		BC5FC49E2817347E001F1D71 /* Main.storyboard in Resources */ = {isa = PBXBuildFile; fileRef = BC5FC49C2817347E001F1D71 /* Main.storyboard */; };
		BC5FC4A12817347E001F1D71 /* Todos.xcdatamodeld in Sources */ = {isa = PBXBuildFile; fileRef = BC5FC49F2817347E001F1D71 /* Todos.xcdatamodeld */; };
		BC5FC4A328173481001F1D71 /* Assets.xcassets in Resources */ = {isa = PBXBuildFile; fileRef = BC5FC4A228173481001F1D71 /* Assets.xcassets */; };
		BC5FC4A628173481001F1D71 /* LaunchScreen.storyboard in Resources */ = {isa = PBXBuildFile; fileRef = BC5FC4A428173481001F1D71 /* LaunchScreen.storyboard */; };
		BC5FC4B228173699001F1D71 /* AddTodoViewController.swift in Sources */ = {isa = PBXBuildFile; fileRef = BC5FC4B128173699001F1D71 /* AddTodoViewController.swift */; };
		BC5FC4B6281736DF001F1D71 /* EditViewController.swift in Sources */ = {isa = PBXBuildFile; fileRef = BC5FC4B5281736DF001F1D71 /* EditViewController.swift */; };
		BC5FC4BA281738AC001F1D71 /* Todo+CoreDataClass.swift in Sources */ = {isa = PBXBuildFile; fileRef = BC5FC4B8281738AC001F1D71 /* Todo+CoreDataClass.swift */; };
		BC5FC4BB281738AC001F1D71 /* Todo+CoreDataProperties.swift in Sources */ = {isa = PBXBuildFile; fileRef = BC5FC4B9281738AC001F1D71 /* Todo+CoreDataProperties.swift */; };
		BC5FC4BD281739B9001F1D71 /* HomeViewController.swift in Sources */ = {isa = PBXBuildFile; fileRef = BC5FC4BC281739B9001F1D71 /* HomeViewController.swift */; };
		BCBD180C28174F5D000C0E07 /* RefreshTableProtocol.swift in Sources */ = {isa = PBXBuildFile; fileRef = BCBD180B28174F5D000C0E07 /* RefreshTableProtocol.swift */; };
		BCEE516B281756430086AB24 /* UpdateTodoProtocol.swift in Sources */ = {isa = PBXBuildFile; fileRef = BCEE516A281756430086AB24 /* UpdateTodoProtocol.swift */; };
/* End PBXBuildFile section */

/* Begin PBXFileReference section */
		BC5FC4932817347E001F1D71 /* Todos.app */ = {isa = PBXFileReference; explicitFileType = wrapper.application; includeInIndex = 0; path = Todos.app; sourceTree = BUILT_PRODUCTS_DIR; };
		BC5FC4962817347E001F1D71 /* AppDelegate.swift */ = {isa = PBXFileReference; lastKnownFileType = sourcecode.swift; path = AppDelegate.swift; sourceTree = "<group>"; };
		BC5FC4982817347E001F1D71 /* SceneDelegate.swift */ = {isa = PBXFileReference; lastKnownFileType = sourcecode.swift; path = SceneDelegate.swift; sourceTree = "<group>"; };
		BC5FC49A2817347E001F1D71 /* DetailsViewController.swift */ = {isa = PBXFileReference; lastKnownFileType = sourcecode.swift; path = DetailsViewController.swift; sourceTree = "<group>"; };
		BC5FC49D2817347E001F1D71 /* Base */ = {isa = PBXFileReference; lastKnownFileType = file.storyboard; name = Base; path = Base.lproj/Main.storyboard; sourceTree = "<group>"; };
		BC5FC4A02817347E001F1D71 /* Todos.xcdatamodel */ = {isa = PBXFileReference; lastKnownFileType = wrapper.xcdatamodel; path = Todos.xcdatamodel; sourceTree = "<group>"; };
		BC5FC4A228173481001F1D71 /* Assets.xcassets */ = {isa = PBXFileReference; lastKnownFileType = folder.assetcatalog; path = Assets.xcassets; sourceTree = "<group>"; };
		BC5FC4A528173481001F1D71 /* Base */ = {isa = PBXFileReference; lastKnownFileType = file.storyboard; name = Base; path = Base.lproj/LaunchScreen.storyboard; sourceTree = "<group>"; };
		BC5FC4A728173481001F1D71 /* Info.plist */ = {isa = PBXFileReference; lastKnownFileType = text.plist.xml; path = Info.plist; sourceTree = "<group>"; };
		BC5FC4B128173699001F1D71 /* AddTodoViewController.swift */ = {isa = PBXFileReference; lastKnownFileType = sourcecode.swift; path = AddTodoViewController.swift; sourceTree = "<group>"; };
		BC5FC4B5281736DF001F1D71 /* EditViewController.swift */ = {isa = PBXFileReference; lastKnownFileType = sourcecode.swift; path = EditViewController.swift; sourceTree = "<group>"; };
		BC5FC4B8281738AC001F1D71 /* Todo+CoreDataClass.swift */ = {isa = PBXFileReference; lastKnownFileType = sourcecode.swift; path = "Todo+CoreDataClass.swift"; sourceTree = "<group>"; };
		BC5FC4B9281738AC001F1D71 /* Todo+CoreDataProperties.swift */ = {isa = PBXFileReference; lastKnownFileType = sourcecode.swift; path = "Todo+CoreDataProperties.swift"; sourceTree = "<group>"; };
		BC5FC4BC281739B9001F1D71 /* HomeViewController.swift */ = {isa = PBXFileReference; lastKnownFileType = sourcecode.swift; path = HomeViewController.swift; sourceTree = "<group>"; };
		BCBD180B28174F5D000C0E07 /* RefreshTableProtocol.swift */ = {isa = PBXFileReference; lastKnownFileType = sourcecode.swift; path = RefreshTableProtocol.swift; sourceTree = "<group>"; };
		BCEE516A281756430086AB24 /* UpdateTodoProtocol.swift */ = {isa = PBXFileReference; lastKnownFileType = sourcecode.swift; path = UpdateTodoProtocol.swift; sourceTree = "<group>"; };
/* End PBXFileReference section */

/* Begin PBXFrameworksBuildPhase section */
		BC5FC4902817347E001F1D71 /* Frameworks */ = {
			isa = PBXFrameworksBuildPhase;
			buildActionMask = 2147483647;
			files = (
			);
			runOnlyForDeploymentPostprocessing = 0;
		};
/* End PBXFrameworksBuildPhase section */

/* Begin PBXGroup section */
		BC5FC48A2817347E001F1D71 = {
			isa = PBXGroup;
			children = (
				BC5FC4952817347E001F1D71 /* Todos */,
				BC5FC4942817347E001F1D71 /* Products */,
			);
			sourceTree = "<group>";
		};
		BC5FC4942817347E001F1D71 /* Products */ = {
			isa = PBXGroup;
			children = (
				BC5FC4932817347E001F1D71 /* Todos.app */,
			);
			name = Products;
			sourceTree = "<group>";
		};
		BC5FC4952817347E001F1D71 /* Todos */ = {
			isa = PBXGroup;
			children = (
				BC5FC4B72817384A001F1D71 /* Model */,
				BC5FC4B4281736D3001F1D71 /* Edit */,
				BC5FC4B32817369F001F1D71 /* Details */,
				BC5FC4B02817367F001F1D71 /* Add */,
				BC5FC4AD28173666001F1D71 /* Home */,
				BC5FC4962817347E001F1D71 /* AppDelegate.swift */,
				BC5FC4982817347E001F1D71 /* SceneDelegate.swift */,
				BC5FC49C2817347E001F1D71 /* Main.storyboard */,
				BC5FC4A228173481001F1D71 /* Assets.xcassets */,
				BC5FC4A428173481001F1D71 /* LaunchScreen.storyboard */,
				BC5FC4A728173481001F1D71 /* Info.plist */,
				BC5FC49F2817347E001F1D71 /* Todos.xcdatamodeld */,
			);
			path = Todos;
			sourceTree = "<group>";
		};
		BC5FC4AD28173666001F1D71 /* Home */ = {
			isa = PBXGroup;
			children = (
				BC5FC4BC281739B9001F1D71 /* HomeViewController.swift */,
				BCBD180B28174F5D000C0E07 /* RefreshTableProtocol.swift */,
			);
			path = Home;
			sourceTree = "<group>";
		};
		BC5FC4B02817367F001F1D71 /* Add */ = {
			isa = PBXGroup;
			children = (
				BC5FC4B128173699001F1D71 /* AddTodoViewController.swift */,
			);
			path = Add;
			sourceTree = "<group>";
		};
		BC5FC4B32817369F001F1D71 /* Details */ = {
			isa = PBXGroup;
			children = (
				BC5FC49A2817347E001F1D71 /* DetailsViewController.swift */,
				BCEE516A281756430086AB24 /* UpdateTodoProtocol.swift */,
			);
			path = Details;
			sourceTree = "<group>";
		};
		BC5FC4B4281736D3001F1D71 /* Edit */ = {
			isa = PBXGroup;
			children = (
				BC5FC4B5281736DF001F1D71 /* EditViewController.swift */,
			);
			path = Edit;
			sourceTree = "<group>";
		};
		BC5FC4B72817384A001F1D71 /* Model */ = {
			isa = PBXGroup;
			children = (
				BC5FC4B8281738AC001F1D71 /* Todo+CoreDataClass.swift */,
				BC5FC4B9281738AC001F1D71 /* Todo+CoreDataProperties.swift */,
			);
			path = Model;
			sourceTree = "<group>";
		};
/* End PBXGroup section */

/* Begin PBXNativeTarget section */
		BC5FC4922817347E001F1D71 /* Todos */ = {
			isa = PBXNativeTarget;
			buildConfigurationList = BC5FC4AA28173481001F1D71 /* Build configuration list for PBXNativeTarget "Todos" */;
			buildPhases = (
				BC5FC48F2817347E001F1D71 /* Sources */,
				BC5FC4902817347E001F1D71 /* Frameworks */,
				BC5FC4912817347E001F1D71 /* Resources */,
			);
			buildRules = (
			);
			dependencies = (
			);
			name = Todos;
			productName = Todos;
			productReference = BC5FC4932817347E001F1D71 /* Todos.app */;
			productType = "com.apple.product-type.application";
		};
/* End PBXNativeTarget section */

/* Begin PBXProject section */
		BC5FC48B2817347E001F1D71 /* Project object */ = {
			isa = PBXProject;
			attributes = {
				BuildIndependentTargetsInParallel = 1;
				LastSwiftUpdateCheck = 1330;
				LastUpgradeCheck = 1330;
				TargetAttributes = {
					BC5FC4922817347E001F1D71 = {
						CreatedOnToolsVersion = 13.3.1;
					};
				};
			};
			buildConfigurationList = BC5FC48E2817347E001F1D71 /* Build configuration list for PBXProject "Todos" */;
			compatibilityVersion = "Xcode 13.0";
			developmentRegion = en;
			hasScannedForEncodings = 0;
			knownRegions = (
				en,
				Base,
			);
			mainGroup = BC5FC48A2817347E001F1D71;
			productRefGroup = BC5FC4942817347E001F1D71 /* Products */;
			projectDirPath = "";
			projectRoot = "";
			targets = (
				BC5FC4922817347E001F1D71 /* Todos */,
			);
		};
/* End PBXProject section */

/* Begin PBXResourcesBuildPhase section */
		BC5FC4912817347E001F1D71 /* Resources */ = {
			isa = PBXResourcesBuildPhase;
			buildActionMask = 2147483647;
			files = (
				BC5FC4A628173481001F1D71 /* LaunchScreen.storyboard in Resources */,
				BC5FC4A328173481001F1D71 /* Assets.xcassets in Resources */,
				BC5FC49E2817347E001F1D71 /* Main.storyboard in Resources */,
			);
			runOnlyForDeploymentPostprocessing = 0;
		};
/* End PBXResourcesBuildPhase section */

/* Begin PBXSourcesBuildPhase section */
		BC5FC48F2817347E001F1D71 /* Sources */ = {
			isa = PBXSourcesBuildPhase;
			buildActionMask = 2147483647;
			files = (
				BC5FC49B2817347E001F1D71 /* DetailsViewController.swift in Sources */,
				BCEE516B281756430086AB24 /* UpdateTodoProtocol.swift in Sources */,
				BC5FC4972817347E001F1D71 /* AppDelegate.swift in Sources */,
				BC5FC4992817347E001F1D71 /* SceneDelegate.swift in Sources */,
				BC5FC4B228173699001F1D71 /* AddTodoViewController.swift in Sources */,
				BC5FC4BD281739B9001F1D71 /* HomeViewController.swift in Sources */,
				BC5FC4BA281738AC001F1D71 /* Todo+CoreDataClass.swift in Sources */,
				BC5FC4A12817347E001F1D71 /* Todos.xcdatamodeld in Sources */,
				BC5FC4B6281736DF001F1D71 /* EditViewController.swift in Sources */,
				BCBD180C28174F5D000C0E07 /* RefreshTableProtocol.swift in Sources */,
				BC5FC4BB281738AC001F1D71 /* Todo+CoreDataProperties.swift in Sources */,
			);
			runOnlyForDeploymentPostprocessing = 0;
		};
/* End PBXSourcesBuildPhase section */

/* Begin PBXVariantGroup section */
		BC5FC49C2817347E001F1D71 /* Main.storyboard */ = {
			isa = PBXVariantGroup;
			children = (
				BC5FC49D2817347E001F1D71 /* Base */,
			);
			name = Main.storyboard;
			sourceTree = "<group>";
		};
		BC5FC4A428173481001F1D71 /* LaunchScreen.storyboard */ = {
			isa = PBXVariantGroup;
			children = (
				BC5FC4A528173481001F1D71 /* Base */,
			);
			name = LaunchScreen.storyboard;
			sourceTree = "<group>";
		};
/* End PBXVariantGroup section */

/* Begin XCBuildConfiguration section */
		BC5FC4A828173481001F1D71 /* Debug */ = {
			isa = XCBuildConfiguration;
			buildSettings = {
				ALWAYS_SEARCH_USER_PATHS = NO;
				CLANG_ANALYZER_NONNULL = YES;
				CLANG_ANALYZER_NUMBER_OBJECT_CONVERSION = YES_AGGRESSIVE;
				CLANG_CXX_LANGUAGE_STANDARD = "gnu++17";
				CLANG_ENABLE_MODULES = YES;
				CLANG_ENABLE_OBJC_ARC = YES;
				CLANG_ENABLE_OBJC_WEAK = YES;
				CLANG_WARN_BLOCK_CAPTURE_AUTORELEASING = YES;
				CLANG_WARN_BOOL_CONVERSION = YES;
				CLANG_WARN_COMMA = YES;
				CLANG_WARN_CONSTANT_CONVERSION = YES;
				CLANG_WARN_DEPRECATED_OBJC_IMPLEMENTATIONS = YES;
				CLANG_WARN_DIRECT_OBJC_ISA_USAGE = YES_ERROR;
				CLANG_WARN_DOCUMENTATION_COMMENTS = YES;
				CLANG_WARN_EMPTY_BODY = YES;
				CLANG_WARN_ENUM_CONVERSION = YES;
				CLANG_WARN_INFINITE_RECURSION = YES;
				CLANG_WARN_INT_CONVERSION = YES;
				CLANG_WARN_NON_LITERAL_NULL_CONVERSION = YES;
				CLANG_WARN_OBJC_IMPLICIT_RETAIN_SELF = YES;
				CLANG_WARN_OBJC_LITERAL_CONVERSION = YES;
				CLANG_WARN_OBJC_ROOT_CLASS = YES_ERROR;
				CLANG_WARN_QUOTED_INCLUDE_IN_FRAMEWORK_HEADER = YES;
				CLANG_WARN_RANGE_LOOP_ANALYSIS = YES;
				CLANG_WARN_STRICT_PROTOTYPES = YES;
				CLANG_WARN_SUSPICIOUS_MOVE = YES;
				CLANG_WARN_UNGUARDED_AVAILABILITY = YES_AGGRESSIVE;
				CLANG_WARN_UNREACHABLE_CODE = YES;
				CLANG_WARN__DUPLICATE_METHOD_MATCH = YES;
				COPY_PHASE_STRIP = NO;
				DEBUG_INFORMATION_FORMAT = dwarf;
				ENABLE_STRICT_OBJC_MSGSEND = YES;
				ENABLE_TESTABILITY = YES;
				GCC_C_LANGUAGE_STANDARD = gnu11;
				GCC_DYNAMIC_NO_PIC = NO;
				GCC_NO_COMMON_BLOCKS = YES;
				GCC_OPTIMIZATION_LEVEL = 0;
				GCC_PREPROCESSOR_DEFINITIONS = (
					"DEBUG=1",
					"$(inherited)",
				);
				GCC_WARN_64_TO_32_BIT_CONVERSION = YES;
				GCC_WARN_ABOUT_RETURN_TYPE = YES_ERROR;
				GCC_WARN_UNDECLARED_SELECTOR = YES;
				GCC_WARN_UNINITIALIZED_AUTOS = YES_AGGRESSIVE;
				GCC_WARN_UNUSED_FUNCTION = YES;
				GCC_WARN_UNUSED_VARIABLE = YES;
				IPHONEOS_DEPLOYMENT_TARGET = 15.4;
				MTL_ENABLE_DEBUG_INFO = INCLUDE_SOURCE;
				MTL_FAST_MATH = YES;
				ONLY_ACTIVE_ARCH = YES;
				SDKROOT = iphoneos;
				SWIFT_ACTIVE_COMPILATION_CONDITIONS = DEBUG;
				SWIFT_OPTIMIZATION_LEVEL = "-Onone";
			};
			name = Debug;
		};
		BC5FC4A928173481001F1D71 /* Release */ = {
			isa = XCBuildConfiguration;
			buildSettings = {
				ALWAYS_SEARCH_USER_PATHS = NO;
				CLANG_ANALYZER_NONNULL = YES;
				CLANG_ANALYZER_NUMBER_OBJECT_CONVERSION = YES_AGGRESSIVE;
				CLANG_CXX_LANGUAGE_STANDARD = "gnu++17";
				CLANG_ENABLE_MODULES = YES;
				CLANG_ENABLE_OBJC_ARC = YES;
				CLANG_ENABLE_OBJC_WEAK = YES;
				CLANG_WARN_BLOCK_CAPTURE_AUTORELEASING = YES;
				CLANG_WARN_BOOL_CONVERSION = YES;
				CLANG_WARN_COMMA = YES;
				CLANG_WARN_CONSTANT_CONVERSION = YES;
				CLANG_WARN_DEPRECATED_OBJC_IMPLEMENTATIONS = YES;
				CLANG_WARN_DIRECT_OBJC_ISA_USAGE = YES_ERROR;
				CLANG_WARN_DOCUMENTATION_COMMENTS = YES;
				CLANG_WARN_EMPTY_BODY = YES;
				CLANG_WARN_ENUM_CONVERSION = YES;
				CLANG_WARN_INFINITE_RECURSION = YES;
				CLANG_WARN_INT_CONVERSION = YES;
				CLANG_WARN_NON_LITERAL_NULL_CONVERSION = YES;
				CLANG_WARN_OBJC_IMPLICIT_RETAIN_SELF = YES;
				CLANG_WARN_OBJC_LITERAL_CONVERSION = YES;
				CLANG_WARN_OBJC_ROOT_CLASS = YES_ERROR;
				CLANG_WARN_QUOTED_INCLUDE_IN_FRAMEWORK_HEADER = YES;
				CLANG_WARN_RANGE_LOOP_ANALYSIS = YES;
				CLANG_WARN_STRICT_PROTOTYPES = YES;
				CLANG_WARN_SUSPICIOUS_MOVE = YES;
				CLANG_WARN_UNGUARDED_AVAILABILITY = YES_AGGRESSIVE;
				CLANG_WARN_UNREACHABLE_CODE = YES;
				CLANG_WARN__DUPLICATE_METHOD_MATCH = YES;
				COPY_PHASE_STRIP = NO;
				DEBUG_INFORMATION_FORMAT = "dwarf-with-dsym";
				ENABLE_NS_ASSERTIONS = NO;
				ENABLE_STRICT_OBJC_MSGSEND = YES;
				GCC_C_LANGUAGE_STANDARD = gnu11;
				GCC_NO_COMMON_BLOCKS = YES;
				GCC_WARN_64_TO_32_BIT_CONVERSION = YES;
				GCC_WARN_ABOUT_RETURN_TYPE = YES_ERROR;
				GCC_WARN_UNDECLARED_SELECTOR = YES;
				GCC_WARN_UNINITIALIZED_AUTOS = YES_AGGRESSIVE;
				GCC_WARN_UNUSED_FUNCTION = YES;
				GCC_WARN_UNUSED_VARIABLE = YES;
				IPHONEOS_DEPLOYMENT_TARGET = 15.4;
				MTL_ENABLE_DEBUG_INFO = NO;
				MTL_FAST_MATH = YES;
				SDKROOT = iphoneos;
				SWIFT_COMPILATION_MODE = wholemodule;
				SWIFT_OPTIMIZATION_LEVEL = "-O";
				VALIDATE_PRODUCT = YES;
			};
			name = Release;
		};
		BC5FC4AB28173481001F1D71 /* Debug */ = {
			isa = XCBuildConfiguration;
			buildSettings = {
				ASSETCATALOG_COMPILER_APPICON_NAME = AppIcon;
				ASSETCATALOG_COMPILER_GLOBAL_ACCENT_COLOR_NAME = AccentColor;
				CODE_SIGN_STYLE = Automatic;
				CURRENT_PROJECT_VERSION = 1;
				DEVELOPMENT_TEAM = XU36286T69;
				GENERATE_INFOPLIST_FILE = YES;
				INFOPLIST_FILE = Todos/Info.plist;
				INFOPLIST_KEY_UIApplicationSupportsIndirectInputEvents = YES;
				INFOPLIST_KEY_UILaunchStoryboardName = LaunchScreen;
				INFOPLIST_KEY_UIMainStoryboardFile = Main;
				INFOPLIST_KEY_UISupportedInterfaceOrientations_iPad = "UIInterfaceOrientationPortrait UIInterfaceOrientationPortraitUpsideDown UIInterfaceOrientationLandscapeLeft UIInterfaceOrientationLandscapeRight";
				INFOPLIST_KEY_UISupportedInterfaceOrientations_iPhone = "UIInterfaceOrientationPortrait UIInterfaceOrientationLandscapeLeft UIInterfaceOrientationLandscapeRight";
				LD_RUNPATH_SEARCH_PATHS = (
					"$(inherited)",
					"@executable_path/Frameworks",
				);
				MARKETING_VERSION = 1.0;
				PRODUCT_BUNDLE_IDENTIFIER = com.abdelrhmanhsh.Todos;
				PRODUCT_NAME = "$(TARGET_NAME)";
				SWIFT_EMIT_LOC_STRINGS = YES;
				SWIFT_VERSION = 5.0;
				TARGETED_DEVICE_FAMILY = "1,2";
			};
			name = Debug;
		};
		BC5FC4AC28173481001F1D71 /* Release */ = {
			isa = XCBuildConfiguration;
			buildSettings = {
				ASSETCATALOG_COMPILER_APPICON_NAME = AppIcon;
				ASSETCATALOG_COMPILER_GLOBAL_ACCENT_COLOR_NAME = AccentColor;
				CODE_SIGN_STYLE = Automatic;
				CURRENT_PROJECT_VERSION = 1;
				DEVELOPMENT_TEAM = XU36286T69;
				GENERATE_INFOPLIST_FILE = YES;
				INFOPLIST_FILE = Todos/Info.plist;
				INFOPLIST_KEY_UIApplicationSupportsIndirectInputEvents = YES;
				INFOPLIST_KEY_UILaunchStoryboardName = LaunchScreen;
				INFOPLIST_KEY_UIMainStoryboardFile = Main;
				INFOPLIST_KEY_UISupportedInterfaceOrientations_iPad = "UIInterfaceOrientationPortrait UIInterfaceOrientationPortraitUpsideDown UIInterfaceOrientationLandscapeLeft UIInterfaceOrientationLandscapeRight";
				INFOPLIST_KEY_UISupportedInterfaceOrientations_iPhone = "UIInterfaceOrientationPortrait UIInterfaceOrientationLandscapeLeft UIInterfaceOrientationLandscapeRight";
				LD_RUNPATH_SEARCH_PATHS = (
					"$(inherited)",
					"@executable_path/Frameworks",
				);
				MARKETING_VERSION = 1.0;
				PRODUCT_BUNDLE_IDENTIFIER = com.abdelrhmanhsh.Todos;
				PRODUCT_NAME = "$(TARGET_NAME)";
				SWIFT_EMIT_LOC_STRINGS = YES;
				SWIFT_VERSION = 5.0;
				TARGETED_DEVICE_FAMILY = "1,2";
			};
			name = Release;
		};
/* End XCBuildConfiguration section */

/* Begin XCConfigurationList section */
		BC5FC48E2817347E001F1D71 /* Build configuration list for PBXProject "Todos" */ = {
			isa = XCConfigurationList;
			buildConfigurations = (
				BC5FC4A828173481001F1D71 /* Debug */,
				BC5FC4A928173481001F1D71 /* Release */,
			);
			defaultConfigurationIsVisible = 0;
			defaultConfigurationName = Release;
		};
		BC5FC4AA28173481001F1D71 /* Build configuration list for PBXNativeTarget "Todos" */ = {
			isa = XCConfigurationList;
			buildConfigurations = (
				BC5FC4AB28173481001F1D71 /* Debug */,
				BC5FC4AC28173481001F1D71 /* Release */,
			);
			defaultConfigurationIsVisible = 0;
			defaultConfigurationName = Release;
		};
/* End XCConfigurationList section */

/* Begin XCVersionGroup section */
		BC5FC49F2817347E001F1D71 /* Todos.xcdatamodeld */ = {
			isa = XCVersionGroup;
			children = (
				BC5FC4A02817347E001F1D71 /* Todos.xcdatamodel */,
			);
			currentVersion = BC5FC4A02817347E001F1D71 /* Todos.xcdatamodel */;
			path = Todos.xcdatamodeld;
			sourceTree = "<group>";
			versionGroupType = wrapper.xcdatamodel;
		};
/* End XCVersionGroup section */
	};
	rootObject = BC5FC48B2817347E001F1D71 /* Project object */;
}
